// !$*UTF8*$!
{
	archiveVersion = 1;
	classes = {
	};
	objectVersion = 56;
	objects = {

/* Begin PBXBuildFile section */
		652F3CC12BE931BF00C27AB7 /* TCA_MVVM_DependenciesApp.swift in Sources */ = {isa = PBXBuildFile; fileRef = 652F3CC02BE931BF00C27AB7 /* TCA_MVVM_DependenciesApp.swift */; };
		652F3CC32BE931BF00C27AB7 /* ContentView.swift in Sources */ = {isa = PBXBuildFile; fileRef = 652F3CC22BE931BF00C27AB7 /* ContentView.swift */; };
		652F3CC52BE931C100C27AB7 /* Assets.xcassets in Resources */ = {isa = PBXBuildFile; fileRef = 652F3CC42BE931C100C27AB7 /* Assets.xcassets */; };
		652F3CC82BE931C100C27AB7 /* Preview Assets.xcassets in Resources */ = {isa = PBXBuildFile; fileRef = 652F3CC72BE931C100C27AB7 /* Preview Assets.xcassets */; };
		652F3CD02BE931E500C27AB7 /* ComposableArchitecture in Frameworks */ = {isa = PBXBuildFile; productRef = 652F3CCF2BE931E500C27AB7 /* ComposableArchitecture */; };
		652F3CD22BE9340200C27AB7 /* TCARoot.swift in Sources */ = {isa = PBXBuildFile; fileRef = 652F3CD12BE9340200C27AB7 /* TCARoot.swift */; };
		652F3CD42BE9350F00C27AB7 /* ChildFeature.swift in Sources */ = {isa = PBXBuildFile; fileRef = 652F3CD32BE9350F00C27AB7 /* ChildFeature.swift */; };
/* End PBXBuildFile section */

/* Begin PBXFileReference section */
		652F3CBD2BE931BF00C27AB7 /* TCA-MVVM-Dependencies.app */ = {isa = PBXFileReference; explicitFileType = wrapper.application; includeInIndex = 0; path = "TCA-MVVM-Dependencies.app"; sourceTree = BUILT_PRODUCTS_DIR; };
		652F3CC02BE931BF00C27AB7 /* TCA_MVVM_DependenciesApp.swift */ = {isa = PBXFileReference; lastKnownFileType = sourcecode.swift; path = TCA_MVVM_DependenciesApp.swift; sourceTree = "<group>"; };
		652F3CC22BE931BF00C27AB7 /* ContentView.swift */ = {isa = PBXFileReference; lastKnownFileType = sourcecode.swift; path = ContentView.swift; sourceTree = "<group>"; };
		652F3CC42BE931C100C27AB7 /* Assets.xcassets */ = {isa = PBXFileReference; lastKnownFileType = folder.assetcatalog; path = Assets.xcassets; sourceTree = "<group>"; };
		652F3CC72BE931C100C27AB7 /* Preview Assets.xcassets */ = {isa = PBXFileReference; lastKnownFileType = folder.assetcatalog; path = "Preview Assets.xcassets"; sourceTree = "<group>"; };
		652F3CD12BE9340200C27AB7 /* TCARoot.swift */ = {isa = PBXFileReference; lastKnownFileType = sourcecode.swift; path = TCARoot.swift; sourceTree = "<group>"; };
		652F3CD32BE9350F00C27AB7 /* ChildFeature.swift */ = {isa = PBXFileReference; lastKnownFileType = sourcecode.swift; path = ChildFeature.swift; sourceTree = "<group>"; };
/* End PBXFileReference section */

/* Begin PBXFrameworksBuildPhase section */
		652F3CBA2BE931BF00C27AB7 /* Frameworks */ = {
			isa = PBXFrameworksBuildPhase;
			buildActionMask = 2147483647;
			files = (
				652F3CD02BE931E500C27AB7 /* ComposableArchitecture in Frameworks */,
			);
			runOnlyForDeploymentPostprocessing = 0;
		};
/* End PBXFrameworksBuildPhase section */

/* Begin PBXGroup section */
		652F3CB42BE931BF00C27AB7 = {
			isa = PBXGroup;
			children = (
				652F3CBF2BE931BF00C27AB7 /* TCA-MVVM-Dependencies */,
				652F3CBE2BE931BF00C27AB7 /* Products */,
			);
			sourceTree = "<group>";
		};
		652F3CBE2BE931BF00C27AB7 /* Products */ = {
			isa = PBXGroup;
			children = (
				652F3CBD2BE931BF00C27AB7 /* TCA-MVVM-Dependencies.app */,
			);
			name = Products;
			sourceTree = "<group>";
		};
		652F3CBF2BE931BF00C27AB7 /* TCA-MVVM-Dependencies */ = {
			isa = PBXGroup;
			children = (
				652F3CC02BE931BF00C27AB7 /* TCA_MVVM_DependenciesApp.swift */,
				652F3CC22BE931BF00C27AB7 /* ContentView.swift */,
				652F3CD12BE9340200C27AB7 /* TCARoot.swift */,
				652F3CD32BE9350F00C27AB7 /* ChildFeature.swift */,
				652F3CC42BE931C100C27AB7 /* Assets.xcassets */,
				652F3CC62BE931C100C27AB7 /* Preview Content */,
			);
			path = "TCA-MVVM-Dependencies";
			sourceTree = "<group>";
		};
		652F3CC62BE931C100C27AB7 /* Preview Content */ = {
			isa = PBXGroup;
			children = (
				652F3CC72BE931C100C27AB7 /* Preview Assets.xcassets */,
			);
			path = "Preview Content";
			sourceTree = "<group>";
		};
/* End PBXGroup section */

/* Begin PBXNativeTarget section */
		652F3CBC2BE931BF00C27AB7 /* TCA-MVVM-Dependencies */ = {
			isa = PBXNativeTarget;
			buildConfigurationList = 652F3CCB2BE931C100C27AB7 /* Build configuration list for PBXNativeTarget "TCA-MVVM-Dependencies" */;
			buildPhases = (
				652F3CB92BE931BF00C27AB7 /* Sources */,
				652F3CBA2BE931BF00C27AB7 /* Frameworks */,
				652F3CBB2BE931BF00C27AB7 /* Resources */,
			);
			buildRules = (
			);
			dependencies = (
			);
			name = "TCA-MVVM-Dependencies";
			packageProductDependencies = (
				652F3CCF2BE931E500C27AB7 /* ComposableArchitecture */,
			);
			productName = "TCA-MVVM-Dependencies";
			productReference = 652F3CBD2BE931BF00C27AB7 /* TCA-MVVM-Dependencies.app */;
			productType = "com.apple.product-type.application";
		};
/* End PBXNativeTarget section */

/* Begin PBXProject section */
		652F3CB52BE931BF00C27AB7 /* Project object */ = {
			isa = PBXProject;
			attributes = {
				BuildIndependentTargetsInParallel = 1;
				LastSwiftUpdateCheck = 1530;
				LastUpgradeCheck = 1530;
				TargetAttributes = {
					652F3CBC2BE931BF00C27AB7 = {
						CreatedOnToolsVersion = 15.3;
					};
				};
			};
			buildConfigurationList = 652F3CB82BE931BF00C27AB7 /* Build configuration list for PBXProject "TCA-MVVM-Dependencies" */;
			compatibilityVersion = "Xcode 14.0";
			developmentRegion = en;
			hasScannedForEncodings = 0;
			knownRegions = (
				en,
				Base,
			);
			mainGroup = 652F3CB42BE931BF00C27AB7;
			packageReferences = (
				652F3CCE2BE931E500C27AB7 /* XCRemoteSwiftPackageReference "swift-composable-architecture" */,
			);
			productRefGroup = 652F3CBE2BE931BF00C27AB7 /* Products */;
			projectDirPath = "";
			projectRoot = "";
			targets = (
				652F3CBC2BE931BF00C27AB7 /* TCA-MVVM-Dependencies */,
			);
		};
/* End PBXProject section */

/* Begin PBXResourcesBuildPhase section */
		652F3CBB2BE931BF00C27AB7 /* Resources */ = {
			isa = PBXResourcesBuildPhase;
			buildActionMask = 2147483647;
			files = (
				652F3CC82BE931C100C27AB7 /* Preview Assets.xcassets in Resources */,
				652F3CC52BE931C100C27AB7 /* Assets.xcassets in Resources */,
			);
			runOnlyForDeploymentPostprocessing = 0;
		};
/* End PBXResourcesBuildPhase section */

/* Begin PBXSourcesBuildPhase section */
		652F3CB92BE931BF00C27AB7 /* Sources */ = {
			isa = PBXSourcesBuildPhase;
			buildActionMask = 2147483647;
			files = (
				652F3CC32BE931BF00C27AB7 /* ContentView.swift in Sources */,
				652F3CD42BE9350F00C27AB7 /* ChildFeature.swift in Sources */,
				652F3CD22BE9340200C27AB7 /* TCARoot.swift in Sources */,
				652F3CC12BE931BF00C27AB7 /* TCA_MVVM_DependenciesApp.swift in Sources */,
			);
			runOnlyForDeploymentPostprocessing = 0;
		};
/* End PBXSourcesBuildPhase section */

/* Begin XCBuildConfiguration section */
		652F3CC92BE931C100C27AB7 /* Debug */ = {
			isa = XCBuildConfiguration;
			buildSettings = {
				ALWAYS_SEARCH_USER_PATHS = NO;
				ASSETCATALOG_COMPILER_GENERATE_SWIFT_ASSET_SYMBOL_EXTENSIONS = YES;
				CLANG_ANALYZER_NONNULL = YES;
				CLANG_ANALYZER_NUMBER_OBJECT_CONVERSION = YES_AGGRESSIVE;
				CLANG_CXX_LANGUAGE_STANDARD = "gnu++20";
				CLANG_ENABLE_MODULES = YES;
				CLANG_ENABLE_OBJC_ARC = YES;
				CLANG_ENABLE_OBJC_WEAK = YES;
				CLANG_WARN_BLOCK_CAPTURE_AUTORELEASING = YES;
				CLANG_WARN_BOOL_CONVERSION = YES;
				CLANG_WARN_COMMA = YES;
				CLANG_WARN_CONSTANT_CONVERSION = YES;
				CLANG_WARN_DEPRECATED_OBJC_IMPLEMENTATIONS = YES;
				CLANG_WARN_DIRECT_OBJC_ISA_USAGE = YES_ERROR;
				CLANG_WARN_DOCUMENTATION_COMMENTS = YES;
				CLANG_WARN_EMPTY_BODY = YES;
				CLANG_WARN_ENUM_CONVERSION = YES;
				CLANG_WARN_INFINITE_RECURSION = YES;
				CLANG_WARN_INT_CONVERSION = YES;
				CLANG_WARN_NON_LITERAL_NULL_CONVERSION = YES;
				CLANG_WARN_OBJC_IMPLICIT_RETAIN_SELF = YES;
				CLANG_WARN_OBJC_LITERAL_CONVERSION = YES;
				CLANG_WARN_OBJC_ROOT_CLASS = YES_ERROR;
				CLANG_WARN_QUOTED_INCLUDE_IN_FRAMEWORK_HEADER = YES;
				CLANG_WARN_RANGE_LOOP_ANALYSIS = YES;
				CLANG_WARN_STRICT_PROTOTYPES = YES;
				CLANG_WARN_SUSPICIOUS_MOVE = YES;
				CLANG_WARN_UNGUARDED_AVAILABILITY = YES_AGGRESSIVE;
				CLANG_WARN_UNREACHABLE_CODE = YES;
				CLANG_WARN__DUPLICATE_METHOD_MATCH = YES;
				COPY_PHASE_STRIP = NO;
				DEBUG_INFORMATION_FORMAT = dwarf;
				ENABLE_STRICT_OBJC_MSGSEND = YES;
				ENABLE_TESTABILITY = YES;
				ENABLE_USER_SCRIPT_SANDBOXING = YES;
				GCC_C_LANGUAGE_STANDARD = gnu17;
				GCC_DYNAMIC_NO_PIC = NO;
				GCC_NO_COMMON_BLOCKS = YES;
				GCC_OPTIMIZATION_LEVEL = 0;
				GCC_PREPROCESSOR_DEFINITIONS = (
					"DEBUG=1",
					"$(inherited)",
				);
				GCC_WARN_64_TO_32_BIT_CONVERSION = YES;
				GCC_WARN_ABOUT_RETURN_TYPE = YES_ERROR;
				GCC_WARN_UNDECLARED_SELECTOR = YES;
				GCC_WARN_UNINITIALIZED_AUTOS = YES_AGGRESSIVE;
				GCC_WARN_UNUSED_FUNCTION = YES;
				GCC_WARN_UNUSED_VARIABLE = YES;
				IPHONEOS_DEPLOYMENT_TARGET = 17.4;
				LOCALIZATION_PREFERS_STRING_CATALOGS = YES;
				MTL_ENABLE_DEBUG_INFO = INCLUDE_SOURCE;
				MTL_FAST_MATH = YES;
				ONLY_ACTIVE_ARCH = YES;
				SDKROOT = iphoneos;
				SWIFT_ACTIVE_COMPILATION_CONDITIONS = "DEBUG $(inherited)";
				SWIFT_OPTIMIZATION_LEVEL = "-Onone";
			};
			name = Debug;
		};
		652F3CCA2BE931C100C27AB7 /* Release */ = {
			isa = XCBuildConfiguration;
			buildSettings = {
				ALWAYS_SEARCH_USER_PATHS = NO;
				ASSETCATALOG_COMPILER_GENERATE_SWIFT_ASSET_SYMBOL_EXTENSIONS = YES;
				CLANG_ANALYZER_NONNULL = YES;
				CLANG_ANALYZER_NUMBER_OBJECT_CONVERSION = YES_AGGRESSIVE;
				CLANG_CXX_LANGUAGE_STANDARD = "gnu++20";
				CLANG_ENABLE_MODULES = YES;
				CLANG_ENABLE_OBJC_ARC = YES;
				CLANG_ENABLE_OBJC_WEAK = YES;
				CLANG_WARN_BLOCK_CAPTURE_AUTORELEASING = YES;
				CLANG_WARN_BOOL_CONVERSION = YES;
				CLANG_WARN_COMMA = YES;
				CLANG_WARN_CONSTANT_CONVERSION = YES;
				CLANG_WARN_DEPRECATED_OBJC_IMPLEMENTATIONS = YES;
				CLANG_WARN_DIRECT_OBJC_ISA_USAGE = YES_ERROR;
				CLANG_WARN_DOCUMENTATION_COMMENTS = YES;
				CLANG_WARN_EMPTY_BODY = YES;
				CLANG_WARN_ENUM_CONVERSION = YES;
				CLANG_WARN_INFINITE_RECURSION = YES;
				CLANG_WARN_INT_CONVERSION = YES;
				CLANG_WARN_NON_LITERAL_NULL_CONVERSION = YES;
				CLANG_WARN_OBJC_IMPLICIT_RETAIN_SELF = YES;
				CLANG_WARN_OBJC_LITERAL_CONVERSION = YES;
				CLANG_WARN_OBJC_ROOT_CLASS = YES_ERROR;
				CLANG_WARN_QUOTED_INCLUDE_IN_FRAMEWORK_HEADER = YES;
				CLANG_WARN_RANGE_LOOP_ANALYSIS = YES;
				CLANG_WARN_STRICT_PROTOTYPES = YES;
				CLANG_WARN_SUSPICIOUS_MOVE = YES;
				CLANG_WARN_UNGUARDED_AVAILABILITY = YES_AGGRESSIVE;
				CLANG_WARN_UNREACHABLE_CODE = YES;
				CLANG_WARN__DUPLICATE_METHOD_MATCH = YES;
				COPY_PHASE_STRIP = NO;
				DEBUG_INFORMATION_FORMAT = "dwarf-with-dsym";
				ENABLE_NS_ASSERTIONS = NO;
				ENABLE_STRICT_OBJC_MSGSEND = YES;
				ENABLE_USER_SCRIPT_SANDBOXING = YES;
				GCC_C_LANGUAGE_STANDARD = gnu17;
				GCC_NO_COMMON_BLOCKS = YES;
				GCC_WARN_64_TO_32_BIT_CONVERSION = YES;
				GCC_WARN_ABOUT_RETURN_TYPE = YES_ERROR;
				GCC_WARN_UNDECLARED_SELECTOR = YES;
				GCC_WARN_UNINITIALIZED_AUTOS = YES_AGGRESSIVE;
				GCC_WARN_UNUSED_FUNCTION = YES;
				GCC_WARN_UNUSED_VARIABLE = YES;
				IPHONEOS_DEPLOYMENT_TARGET = 17.4;
				LOCALIZATION_PREFERS_STRING_CATALOGS = YES;
				MTL_ENABLE_DEBUG_INFO = NO;
				MTL_FAST_MATH = YES;
				SDKROOT = iphoneos;
				SWIFT_COMPILATION_MODE = wholemodule;
				VALIDATE_PRODUCT = YES;
			};
			name = Release;
		};
		652F3CCC2BE931C100C27AB7 /* Debug */ = {
			isa = XCBuildConfiguration;
			buildSettings = {
				ASSETCATALOG_COMPILER_APPICON_NAME = AppIcon;
				ASSETCATALOG_COMPILER_GLOBAL_ACCENT_COLOR_NAME = AccentColor;
				CODE_SIGN_STYLE = Automatic;
				CURRENT_PROJECT_VERSION = 1;
				DEVELOPMENT_ASSET_PATHS = "\"TCA-MVVM-Dependencies/Preview Content\"";
				DEVELOPMENT_TEAM = XWQQ29E97Q;
				ENABLE_PREVIEWS = YES;
				GENERATE_INFOPLIST_FILE = YES;
				INFOPLIST_KEY_UIApplicationSceneManifest_Generation = YES;
				INFOPLIST_KEY_UIApplicationSupportsIndirectInputEvents = YES;
				INFOPLIST_KEY_UILaunchScreen_Generation = YES;
				INFOPLIST_KEY_UISupportedInterfaceOrientations_iPad = "UIInterfaceOrientationPortrait UIInterfaceOrientationPortraitUpsideDown UIInterfaceOrientationLandscapeLeft UIInterfaceOrientationLandscapeRight";
				INFOPLIST_KEY_UISupportedInterfaceOrientations_iPhone = "UIInterfaceOrientationPortrait UIInterfaceOrientationLandscapeLeft UIInterfaceOrientationLandscapeRight";
				LD_RUNPATH_SEARCH_PATHS = (
					"$(inherited)",
					"@executable_path/Frameworks",
				);
				MARKETING_VERSION = 1.0;
				PRODUCT_BUNDLE_IDENTIFIER = "com.jonduenas.TCA-MVVM-Dependencies";
				PRODUCT_NAME = "$(TARGET_NAME)";
				SWIFT_EMIT_LOC_STRINGS = YES;
				SWIFT_VERSION = 5.0;
				TARGETED_DEVICE_FAMILY = "1,2";
			};
			name = Debug;
		};
		652F3CCD2BE931C100C27AB7 /* Release */ = {
			isa = XCBuildConfiguration;
			buildSettings = {
				ASSETCATALOG_COMPILER_APPICON_NAME = AppIcon;
				ASSETCATALOG_COMPILER_GLOBAL_ACCENT_COLOR_NAME = AccentColor;
				CODE_SIGN_STYLE = Automatic;
				CURRENT_PROJECT_VERSION = 1;
				DEVELOPMENT_ASSET_PATHS = "\"TCA-MVVM-Dependencies/Preview Content\"";
				DEVELOPMENT_TEAM = XWQQ29E97Q;
				ENABLE_PREVIEWS = YES;
				GENERATE_INFOPLIST_FILE = YES;
				INFOPLIST_KEY_UIApplicationSceneManifest_Generation = YES;
				INFOPLIST_KEY_UIApplicationSupportsIndirectInputEvents = YES;
				INFOPLIST_KEY_UILaunchScreen_Generation = YES;
				INFOPLIST_KEY_UISupportedInterfaceOrientations_iPad = "UIInterfaceOrientationPortrait UIInterfaceOrientationPortraitUpsideDown UIInterfaceOrientationLandscapeLeft UIInterfaceOrientationLandscapeRight";
				INFOPLIST_KEY_UISupportedInterfaceOrientations_iPhone = "UIInterfaceOrientationPortrait UIInterfaceOrientationLandscapeLeft UIInterfaceOrientationLandscapeRight";
				LD_RUNPATH_SEARCH_PATHS = (
					"$(inherited)",
					"@executable_path/Frameworks",
				);
				MARKETING_VERSION = 1.0;
				PRODUCT_BUNDLE_IDENTIFIER = "com.jonduenas.TCA-MVVM-Dependencies";
				PRODUCT_NAME = "$(TARGET_NAME)";
				SWIFT_EMIT_LOC_STRINGS = YES;
				SWIFT_VERSION = 5.0;
				TARGETED_DEVICE_FAMILY = "1,2";
			};
			name = Release;
		};
/* End XCBuildConfiguration section */

/* Begin XCConfigurationList section */
		652F3CB82BE931BF00C27AB7 /* Build configuration list for PBXProject "TCA-MVVM-Dependencies" */ = {
			isa = XCConfigurationList;
			buildConfigurations = (
				652F3CC92BE931C100C27AB7 /* Debug */,
				652F3CCA2BE931C100C27AB7 /* Release */,
			);
			defaultConfigurationIsVisible = 0;
			defaultConfigurationName = Release;
		};
		652F3CCB2BE931C100C27AB7 /* Build configuration list for PBXNativeTarget "TCA-MVVM-Dependencies" */ = {
			isa = XCConfigurationList;
			buildConfigurations = (
				652F3CCC2BE931C100C27AB7 /* Debug */,
				652F3CCD2BE931C100C27AB7 /* Release */,
			);
			defaultConfigurationIsVisible = 0;
			defaultConfigurationName = Release;
		};
/* End XCConfigurationList section */

/* Begin XCRemoteSwiftPackageReference section */
		652F3CCE2BE931E500C27AB7 /* XCRemoteSwiftPackageReference "swift-composable-architecture" */ = {
			isa = XCRemoteSwiftPackageReference;
			repositoryURL = "https://github.com/pointfreeco/swift-composable-architecture";
			requirement = {
				kind = upToNextMajorVersion;
				minimumVersion = 1.10.2;
			};
		};
/* End XCRemoteSwiftPackageReference section */

/* Begin XCSwiftPackageProductDependency section */
		652F3CCF2BE931E500C27AB7 /* ComposableArchitecture */ = {
			isa = XCSwiftPackageProductDependency;
			package = 652F3CCE2BE931E500C27AB7 /* XCRemoteSwiftPackageReference "swift-composable-architecture" */;
			productName = ComposableArchitecture;
		};
/* End XCSwiftPackageProductDependency section */
	};
	rootObject = 652F3CB52BE931BF00C27AB7 /* Project object */;
}
